
Microsoft Visual Studio Solution File, Format Version 12.00
# Visual Studio Version 17
VisualStudioVersion = 17.2.32526.322
MinimumVisualStudioVersion = 10.0.40219.1
Project("{FAE04EC0-301F-11D3-BF4B-00C04F79EFBC}") = "eTickets", "eTickets\eTickets.csproj", "{AD2F93C9-A4DE-4258-8D7D-60F7CCC2971A}"
EndProject
Global
	GlobalSection(SolutionConfigurationPlatforms) = preSolution
		Debug|Any CPU = Debug|Any CPU
		Release|Any CPU = Release|Any CPU
	EndGlobalSection
	GlobalSection(ProjectConfigurationPlatforms) = postSolution
		{AD2F93C9-A4DE-4258-8D7D-60F7CCC2971A}.Debug|Any CPU.ActiveCfg = Debug|Any CPU
		{AD2F93C9-A4DE-4258-8D7D-60F7CCC2971A}.Debug|Any CPU.Build.0 = Debug|Any CPU
		{AD2F93C9-A4DE-4258-8D7D-60F7CCC2971A}.Release|Any CPU.ActiveCfg = Release|Any CPU
		{AD2F93C9-A4DE-4258-8D7D-60F7CCC2971A}.Release|Any CPU.Build.0 = Release|Any CPU
	EndGlobalSection
	GlobalSection(SolutionProperties) = preSolution
		HideSolutionNode = FALSE
	EndGlobalSection
	GlobalSection(ExtensibilityGlobals) = postSolution
		SolutionGuid = {3259A7F7-4412-483E-A312-6F801A744139}
	EndGlobalSection
EndGlobal
